{
  "requires": true,
  "lockfileVersion": 1,
  "dependencies": {
    "async": {
      "version": "0.2.10",
      "resolved": "https://registry.npmjs.org/async/-/async-0.2.10.tgz",
      "integrity": "sha1-trvgsGdLnXGXCMo43owjfLUmw9E="
    },
    "commander": {
      "version": "2.0.0",
      "resolved": "https://registry.npmjs.org/commander/-/commander-2.0.0.tgz",
      "integrity": "sha1-0bhvkB+LZL2UG96tr5JFMDk76Sg="
    },
    "excalibur": {
      "version": "0.24.5",
      "resolved": "https://registry.npmjs.org/excalibur/-/excalibur-0.24.5.tgz",
      "integrity": "sha512-fFgwDqv59eIbP2L+aRop30azu9v8liUQBABkisvI3ZqKRi/DJrhV1ScIEMEqLLsDvUlj3GOGhGrZmN5IghlNyQ=="
    },
    "wrench": {
      "version": "1.5.9",
      "resolved": "https://registry.npmjs.org/wrench/-/wrench-1.5.9.tgz",
      "integrity": "sha1-QRaRxjqbJTGxcAJnJ5veyiOyFCo="
    }
  }
}
